
Microsoft Visual Studio Solution File, Format Version 12.00
# Visual Studio Version 16
VisualStudioVersion = 16.0.31424.327
MinimumVisualStudioVersion = 10.0.40219.1
Project("{FAE04EC0-301F-11D3-BF4B-00C04F79EFBC}") = "Vic.SportsStore.WebApp", "Vic.SportStore.WebApp\Vic.SportsStore.WebApp.csproj", "{8BB2B505-4CE0-41B0-BA5B-478950899349}"
EndProject
Project("{FAE04EC0-301F-11D3-BF4B-00C04F79EFBC}") = "Vic.SportsStore.Domain", "Vic.SportStore.Domain\Vic.SportsStore.Domain.csproj", "{300B5E05-41E6-40D7-9934-483476681A0E}"
EndProject
Project("{FAE04EC0-301F-11D3-BF4B-00C04F79EFBC}") = "Vic.SportsStore.UnitTests", "Vic.SportStore.UnitTests\Vic.SportsStore.UnitTests.csproj", "{32AC7FA8-A104-44D4-828B-91096C4D87A8}"
EndProject
Project("{FAE04EC0-301F-11D3-BF4B-00C04F79EFBC}") = "Vic.SportsStore.DebugConsole", "Vic.SportsStore.DebugConsole\Vic.SportsStore.DebugConsole.csproj", "{4DFA7B92-5EC1-44D0-B2AC-9771408F043D}"
EndProject
Global
	GlobalSection(SolutionConfigurationPlatforms) = preSolution
		Debug|Any CPU = Debug|Any CPU
		Release|Any CPU = Release|Any CPU
	EndGlobalSection
	GlobalSection(ProjectConfigurationPlatforms) = postSolution
		{8BB2B505-4CE0-41B0-BA5B-478950899349}.Debug|Any CPU.ActiveCfg = Debug|Any CPU
		{8BB2B505-4CE0-41B0-BA5B-478950899349}.Debug|Any CPU.Build.0 = Debug|Any CPU
		{8BB2B505-4CE0-41B0-BA5B-478950899349}.Release|Any CPU.ActiveCfg = Release|Any CPU
		{8BB2B505-4CE0-41B0-BA5B-478950899349}.Release|Any CPU.Build.0 = Release|Any CPU
		{300B5E05-41E6-40D7-9934-483476681A0E}.Debug|Any CPU.ActiveCfg = Debug|Any CPU
		{300B5E05-41E6-40D7-9934-483476681A0E}.Debug|Any CPU.Build.0 = Debug|Any CPU
		{300B5E05-41E6-40D7-9934-483476681A0E}.Release|Any CPU.ActiveCfg = Release|Any CPU
		{300B5E05-41E6-40D7-9934-483476681A0E}.Release|Any CPU.Build.0 = Release|Any CPU
		{32AC7FA8-A104-44D4-828B-91096C4D87A8}.Debug|Any CPU.ActiveCfg = Debug|Any CPU
		{32AC7FA8-A104-44D4-828B-91096C4D87A8}.Debug|Any CPU.Build.0 = Debug|Any CPU
		{32AC7FA8-A104-44D4-828B-91096C4D87A8}.Release|Any CPU.ActiveCfg = Release|Any CPU
		{32AC7FA8-A104-44D4-828B-91096C4D87A8}.Release|Any CPU.Build.0 = Release|Any CPU
		{4DFA7B92-5EC1-44D0-B2AC-9771408F043D}.Debug|Any CPU.ActiveCfg = Debug|Any CPU
		{4DFA7B92-5EC1-44D0-B2AC-9771408F043D}.Debug|Any CPU.Build.0 = Debug|Any CPU
		{4DFA7B92-5EC1-44D0-B2AC-9771408F043D}.Release|Any CPU.ActiveCfg = Release|Any CPU
		{4DFA7B92-5EC1-44D0-B2AC-9771408F043D}.Release|Any CPU.Build.0 = Release|Any CPU
	EndGlobalSection
	GlobalSection(SolutionProperties) = preSolution
		HideSolutionNode = FALSE
	EndGlobalSection
	GlobalSection(ExtensibilityGlobals) = postSolution
		SolutionGuid = {4A5D5DE9-0C64-4A7F-9DDA-A772562B18D2}
	EndGlobalSection
EndGlobal
